
Microsoft Visual Studio Solution File, Format Version 12.00
# Visual Studio 2012
Project("{FAE04EC0-301F-11D3-BF4B-00C04F79EFBC}") = "MyUdemy", "MyUdemy\MyUdemy.csproj", "{6298F9F6-0EAB-47F8-A087-3D1076DE19B7}"
EndProject
Project("{FAE04EC0-301F-11D3-BF4B-00C04F79EFBC}") = "MyUdemy.iOS", "iOS\MyUdemy.iOS.csproj", "{B878F75A-83A0-4414-9DF0-48891C431D87}"
EndProject
Project("{FAE04EC0-301F-11D3-BF4B-00C04F79EFBC}") = "MyUdemy.Droid", "Droid\MyUdemy.Droid.csproj", "{54D9AE08-D700-4718-8294-09DBBD630908}"
EndProject
Project("{FAE04EC0-301F-11D3-BF4B-00C04F79EFBC}") = "MyUdemy.UITests", "UITests\MyUdemy.UITests.csproj", "{6BC1F739-FE4B-4C87-A842-4350A1A14342}"
EndProject
Global
	GlobalSection(SolutionConfigurationPlatforms) = preSolution
		Debug|Any CPU = Debug|Any CPU
		Release|Any CPU = Release|Any CPU
		Debug|iPhoneSimulator = Debug|iPhoneSimulator
		Release|iPhone = Release|iPhone
		Release|iPhoneSimulator = Release|iPhoneSimulator
		Debug|iPhone = Debug|iPhone
	EndGlobalSection
	GlobalSection(ProjectConfigurationPlatforms) = postSolution
		{6298F9F6-0EAB-47F8-A087-3D1076DE19B7}.Debug|Any CPU.ActiveCfg = Debug|Any CPU
		{6298F9F6-0EAB-47F8-A087-3D1076DE19B7}.Debug|Any CPU.Build.0 = Debug|Any CPU
		{6298F9F6-0EAB-47F8-A087-3D1076DE19B7}.Release|Any CPU.ActiveCfg = Release|Any CPU
		{6298F9F6-0EAB-47F8-A087-3D1076DE19B7}.Release|Any CPU.Build.0 = Release|Any CPU
		{6298F9F6-0EAB-47F8-A087-3D1076DE19B7}.Debug|iPhoneSimulator.ActiveCfg = Debug|Any CPU
		{6298F9F6-0EAB-47F8-A087-3D1076DE19B7}.Debug|iPhoneSimulator.Build.0 = Debug|Any CPU
		{6298F9F6-0EAB-47F8-A087-3D1076DE19B7}.Release|iPhone.ActiveCfg = Release|Any CPU
		{6298F9F6-0EAB-47F8-A087-3D1076DE19B7}.Release|iPhone.Build.0 = Release|Any CPU
		{6298F9F6-0EAB-47F8-A087-3D1076DE19B7}.Release|iPhoneSimulator.ActiveCfg = Release|Any CPU
		{6298F9F6-0EAB-47F8-A087-3D1076DE19B7}.Release|iPhoneSimulator.Build.0 = Release|Any CPU
		{6298F9F6-0EAB-47F8-A087-3D1076DE19B7}.Debug|iPhone.ActiveCfg = Debug|Any CPU
		{6298F9F6-0EAB-47F8-A087-3D1076DE19B7}.Debug|iPhone.Build.0 = Debug|Any CPU
		{B878F75A-83A0-4414-9DF0-48891C431D87}.Debug|Any CPU.ActiveCfg = Debug|iPhoneSimulator
		{B878F75A-83A0-4414-9DF0-48891C431D87}.Debug|Any CPU.Build.0 = Debug|iPhoneSimulator
		{B878F75A-83A0-4414-9DF0-48891C431D87}.Release|Any CPU.ActiveCfg = Release|iPhone
		{B878F75A-83A0-4414-9DF0-48891C431D87}.Release|Any CPU.Build.0 = Release|iPhone
		{B878F75A-83A0-4414-9DF0-48891C431D87}.Debug|iPhoneSimulator.ActiveCfg = Debug|iPhoneSimulator
		{B878F75A-83A0-4414-9DF0-48891C431D87}.Debug|iPhoneSimulator.Build.0 = Debug|iPhoneSimulator
		{B878F75A-83A0-4414-9DF0-48891C431D87}.Release|iPhone.ActiveCfg = Release|iPhone
		{B878F75A-83A0-4414-9DF0-48891C431D87}.Release|iPhone.Build.0 = Release|iPhone
		{B878F75A-83A0-4414-9DF0-48891C431D87}.Release|iPhoneSimulator.ActiveCfg = Release|iPhoneSimulator
		{B878F75A-83A0-4414-9DF0-48891C431D87}.Release|iPhoneSimulator.Build.0 = Release|iPhoneSimulator
		{B878F75A-83A0-4414-9DF0-48891C431D87}.Debug|iPhone.ActiveCfg = Debug|iPhone
		{B878F75A-83A0-4414-9DF0-48891C431D87}.Debug|iPhone.Build.0 = Debug|iPhone
		{54D9AE08-D700-4718-8294-09DBBD630908}.Debug|Any CPU.ActiveCfg = Debug|Any CPU
		{54D9AE08-D700-4718-8294-09DBBD630908}.Debug|Any CPU.Build.0 = Debug|Any CPU
		{54D9AE08-D700-4718-8294-09DBBD630908}.Release|Any CPU.ActiveCfg = Release|Any CPU
		{54D9AE08-D700-4718-8294-09DBBD630908}.Release|Any CPU.Build.0 = Release|Any CPU
		{54D9AE08-D700-4718-8294-09DBBD630908}.Debug|iPhoneSimulator.ActiveCfg = Debug|Any CPU
		{54D9AE08-D700-4718-8294-09DBBD630908}.Debug|iPhoneSimulator.Build.0 = Debug|Any CPU
		{54D9AE08-D700-4718-8294-09DBBD630908}.Release|iPhone.ActiveCfg = Release|Any CPU
		{54D9AE08-D700-4718-8294-09DBBD630908}.Release|iPhone.Build.0 = Release|Any CPU
		{54D9AE08-D700-4718-8294-09DBBD630908}.Release|iPhoneSimulator.ActiveCfg = Release|Any CPU
		{54D9AE08-D700-4718-8294-09DBBD630908}.Release|iPhoneSimulator.Build.0 = Release|Any CPU
		{54D9AE08-D700-4718-8294-09DBBD630908}.Debug|iPhone.ActiveCfg = Debug|Any CPU
		{54D9AE08-D700-4718-8294-09DBBD630908}.Debug|iPhone.Build.0 = Debug|Any CPU
		{6BC1F739-FE4B-4C87-A842-4350A1A14342}.Debug|Any CPU.ActiveCfg = Debug|Any CPU
		{6BC1F739-FE4B-4C87-A842-4350A1A14342}.Debug|Any CPU.Build.0 = Debug|Any CPU
		{6BC1F739-FE4B-4C87-A842-4350A1A14342}.Release|Any CPU.ActiveCfg = Release|Any CPU
		{6BC1F739-FE4B-4C87-A842-4350A1A14342}.Release|Any CPU.Build.0 = Release|Any CPU
		{6BC1F739-FE4B-4C87-A842-4350A1A14342}.Debug|iPhoneSimulator.ActiveCfg = Debug|Any CPU
		{6BC1F739-FE4B-4C87-A842-4350A1A14342}.Debug|iPhoneSimulator.Build.0 = Debug|Any CPU
		{6BC1F739-FE4B-4C87-A842-4350A1A14342}.Release|iPhone.ActiveCfg = Release|Any CPU
		{6BC1F739-FE4B-4C87-A842-4350A1A14342}.Release|iPhone.Build.0 = Release|Any CPU
		{6BC1F739-FE4B-4C87-A842-4350A1A14342}.Release|iPhoneSimulator.ActiveCfg = Release|Any CPU
		{6BC1F739-FE4B-4C87-A842-4350A1A14342}.Release|iPhoneSimulator.Build.0 = Release|Any CPU
		{6BC1F739-FE4B-4C87-A842-4350A1A14342}.Debug|iPhone.ActiveCfg = Debug|Any CPU
		{6BC1F739-FE4B-4C87-A842-4350A1A14342}.Debug|iPhone.Build.0 = Debug|Any CPU
	EndGlobalSection
EndGlobal
